// !$*UTF8*$!
{
	archiveVersion = 1;
	classes = {
	};
	objectVersion = 46;
	objects = {

/* Begin PBXBuildFile section */
		E4697C0E1B09C96900465A90 /* BaiduMapAPI.framework in Frameworks */ = {isa = PBXBuildFile; fileRef = E4697C0D1B09C96900465A90 /* BaiduMapAPI.framework */; };
		E4697C101B09CD3700465A90 /* mapapi.bundle in Resources */ = {isa = PBXBuildFile; fileRef = E4697C0F1B09CD3700465A90 /* mapapi.bundle */; };
		E4B336D41B09B4D800E2565C /* main.m in Sources */ = {isa = PBXBuildFile; fileRef = E4B336D31B09B4D800E2565C /* main.m */; };
		E4B336D71B09B4D800E2565C /* AppDelegate.mm in Sources */ = {isa = PBXBuildFile; fileRef = E4B336D61B09B4D800E2565C /* AppDelegate.mm */; };
		E4B336DA1B09B4D800E2565C /* ViewController.mm in Sources */ = {isa = PBXBuildFile; fileRef = E4B336D91B09B4D800E2565C /* ViewController.mm */; };
		E4B336DD1B09B4D800E2565C /* Main.storyboard in Resources */ = {isa = PBXBuildFile; fileRef = E4B336DB1B09B4D800E2565C /* Main.storyboard */; };
		E4B336DF1B09B4D800E2565C /* Images.xcassets in Resources */ = {isa = PBXBuildFile; fileRef = E4B336DE1B09B4D800E2565C /* Images.xcassets */; };
		E4B336E21B09B4D800E2565C /* LaunchScreen.xib in Resources */ = {isa = PBXBuildFile; fileRef = E4B336E01B09B4D800E2565C /* LaunchScreen.xib */; };
		E4B336EE1B09B4D900E2565C /* MapTests.m in Sources */ = {isa = PBXBuildFile; fileRef = E4B336ED1B09B4D900E2565C /* MapTests.m */; };
		E4B336FF1B09B5EB00E2565C /* CoreLocation.framework in Frameworks */ = {isa = PBXBuildFile; fileRef = E4B336FE1B09B5EB00E2565C /* CoreLocation.framework */; };
		E4B337011B09B5F300E2565C /* QuartzCore.framework in Frameworks */ = {isa = PBXBuildFile; fileRef = E4B337001B09B5F300E2565C /* QuartzCore.framework */; };
		E4B337031B09B5FB00E2565C /* OpenGLES.framework in Frameworks */ = {isa = PBXBuildFile; fileRef = E4B337021B09B5FB00E2565C /* OpenGLES.framework */; };
		E4B337051B09B60300E2565C /* SystemConfiguration.framework in Frameworks */ = {isa = PBXBuildFile; fileRef = E4B337041B09B60300E2565C /* SystemConfiguration.framework */; };
		E4B337071B09B60D00E2565C /* CoreGraphics.framework in Frameworks */ = {isa = PBXBuildFile; fileRef = E4B337061B09B60D00E2565C /* CoreGraphics.framework */; };
		E4B337091B09B61500E2565C /* Security.framework in Frameworks */ = {isa = PBXBuildFile; fileRef = E4B337081B09B61500E2565C /* Security.framework */; };
/* End PBXBuildFile section */

/* Begin PBXContainerItemProxy section */
		E4B336E81B09B4D900E2565C /* PBXContainerItemProxy */ = {
			isa = PBXContainerItemProxy;
			containerPortal = E4B336C61B09B4D800E2565C /* Project object */;
			proxyType = 1;
			remoteGlobalIDString = E4B336CD1B09B4D800E2565C;
			remoteInfo = Map;
		};
/* End PBXContainerItemProxy section */

/* Begin PBXFileReference section */
		E4697C0D1B09C96900465A90 /* BaiduMapAPI.framework */ = {isa = PBXFileReference; lastKnownFileType = wrapper.framework; path = BaiduMapAPI.framework; sourceTree = "<group>"; };
		E4697C0F1B09CD3700465A90 /* mapapi.bundle */ = {isa = PBXFileReference; lastKnownFileType = "wrapper.plug-in"; path = mapapi.bundle; sourceTree = "<group>"; };
		E4B336CE1B09B4D800E2565C /* Map.app */ = {isa = PBXFileReference; explicitFileType = wrapper.application; includeInIndex = 0; path = Map.app; sourceTree = BUILT_PRODUCTS_DIR; };
		E4B336D21B09B4D800E2565C /* Info.plist */ = {isa = PBXFileReference; lastKnownFileType = text.plist.xml; path = Info.plist; sourceTree = "<group>"; };
		E4B336D31B09B4D800E2565C /* main.m */ = {isa = PBXFileReference; lastKnownFileType = sourcecode.c.objc; path = main.m; sourceTree = "<group>"; };
		E4B336D51B09B4D800E2565C /* AppDelegate.h */ = {isa = PBXFileReference; lastKnownFileType = sourcecode.c.h; path = AppDelegate.h; sourceTree = "<group>"; };
		E4B336D61B09B4D800E2565C /* AppDelegate.mm */ = {isa = PBXFileReference; lastKnownFileType = sourcecode.cpp.objcpp; path = AppDelegate.mm; sourceTree = "<group>"; };
		E4B336D81B09B4D800E2565C /* ViewController.h */ = {isa = PBXFileReference; lastKnownFileType = sourcecode.c.h; path = ViewController.h; sourceTree = "<group>"; };
		E4B336D91B09B4D800E2565C /* ViewController.mm */ = {isa = PBXFileReference; lastKnownFileType = sourcecode.cpp.objcpp; path = ViewController.mm; sourceTree = "<group>"; };
		E4B336DC1B09B4D800E2565C /* Base */ = {isa = PBXFileReference; lastKnownFileType = file.storyboard; name = Base; path = Base.lproj/Main.storyboard; sourceTree = "<group>"; };
		E4B336DE1B09B4D800E2565C /* Images.xcassets */ = {isa = PBXFileReference; lastKnownFileType = folder.assetcatalog; path = Images.xcassets; sourceTree = "<group>"; };
		E4B336E11B09B4D800E2565C /* Base */ = {isa = PBXFileReference; lastKnownFileType = file.xib; name = Base; path = Base.lproj/LaunchScreen.xib; sourceTree = "<group>"; };
		E4B336E71B09B4D900E2565C /* MapTests.xctest */ = {isa = PBXFileReference; explicitFileType = wrapper.cfbundle; includeInIndex = 0; path = MapTests.xctest; sourceTree = BUILT_PRODUCTS_DIR; };
		E4B336EC1B09B4D900E2565C /* Info.plist */ = {isa = PBXFileReference; lastKnownFileType = text.plist.xml; path = Info.plist; sourceTree = "<group>"; };
		E4B336ED1B09B4D900E2565C /* MapTests.m */ = {isa = PBXFileReference; lastKnownFileType = sourcecode.c.objc; path = MapTests.m; sourceTree = "<group>"; };
		E4B336FE1B09B5EB00E2565C /* CoreLocation.framework */ = {isa = PBXFileReference; lastKnownFileType = wrapper.framework; name = CoreLocation.framework; path = System/Library/Frameworks/CoreLocation.framework; sourceTree = SDKROOT; };
		E4B337001B09B5F300E2565C /* QuartzCore.framework */ = {isa = PBXFileReference; lastKnownFileType = wrapper.framework; name = QuartzCore.framework; path = System/Library/Frameworks/QuartzCore.framework; sourceTree = SDKROOT; };
		E4B337021B09B5FB00E2565C /* OpenGLES.framework */ = {isa = PBXFileReference; lastKnownFileType = wrapper.framework; name = OpenGLES.framework; path = System/Library/Frameworks/OpenGLES.framework; sourceTree = SDKROOT; };
		E4B337041B09B60300E2565C /* SystemConfiguration.framework */ = {isa = PBXFileReference; lastKnownFileType = wrapper.framework; name = SystemConfiguration.framework; path = System/Library/Frameworks/SystemConfiguration.framework; sourceTree = SDKROOT; };
		E4B337061B09B60D00E2565C /* CoreGraphics.framework */ = {isa = PBXFileReference; lastKnownFileType = wrapper.framework; name = CoreGraphics.framework; path = System/Library/Frameworks/CoreGraphics.framework; sourceTree = SDKROOT; };
		E4B337081B09B61500E2565C /* Security.framework */ = {isa = PBXFileReference; lastKnownFileType = wrapper.framework; name = Security.framework; path = System/Library/Frameworks/Security.framework; sourceTree = SDKROOT; };
/* End PBXFileReference section */

/* Begin PBXFrameworksBuildPhase section */
		E4B336CB1B09B4D800E2565C /* Frameworks */ = {
			isa = PBXFrameworksBuildPhase;
			buildActionMask = 2147483647;
			files = (
				E4B337091B09B61500E2565C /* Security.framework in Frameworks */,
				E4B337071B09B60D00E2565C /* CoreGraphics.framework in Frameworks */,
				E4B337051B09B60300E2565C /* SystemConfiguration.framework in Frameworks */,
				E4B337031B09B5FB00E2565C /* OpenGLES.framework in Frameworks */,
				E4B337011B09B5F300E2565C /* QuartzCore.framework in Frameworks */,
				E4B336FF1B09B5EB00E2565C /* CoreLocation.framework in Frameworks */,
				E4697C0E1B09C96900465A90 /* BaiduMapAPI.framework in Frameworks */,
			);
			runOnlyForDeploymentPostprocessing = 0;
		};
		E4B336E41B09B4D900E2565C /* Frameworks */ = {
			isa = PBXFrameworksBuildPhase;
			buildActionMask = 2147483647;
			files = (
			);
			runOnlyForDeploymentPostprocessing = 0;
		};
/* End PBXFrameworksBuildPhase section */

/* Begin PBXGroup section */
		E4697C0C1B09C96900465A90 /* Release-iphoneos */ = {
			isa = PBXGroup;
			children = (
				E4697C0D1B09C96900465A90 /* BaiduMapAPI.framework */,
			);
			path = "Release-iphoneos";
			sourceTree = "<group>";
		};
		E4B336C51B09B4D800E2565C = {
			isa = PBXGroup;
			children = (
				E4697C0F1B09CD3700465A90 /* mapapi.bundle */,
				E4697C0C1B09C96900465A90 /* Release-iphoneos */,
				E4B337081B09B61500E2565C /* Security.framework */,
				E4B337061B09B60D00E2565C /* CoreGraphics.framework */,
				E4B337041B09B60300E2565C /* SystemConfiguration.framework */,
				E4B337021B09B5FB00E2565C /* OpenGLES.framework */,
				E4B336D01B09B4D800E2565C /* Map */,
				E4B337001B09B5F300E2565C /* QuartzCore.framework */,
				E4B336FE1B09B5EB00E2565C /* CoreLocation.framework */,
				E4B336EA1B09B4D900E2565C /* MapTests */,
				E4B336CF1B09B4D800E2565C /* Products */,
			);
			sourceTree = "<group>";
		};
		E4B336CF1B09B4D800E2565C /* Products */ = {
			isa = PBXGroup;
			children = (
				E4B336CE1B09B4D800E2565C /* Map.app */,
				E4B336E71B09B4D900E2565C /* MapTests.xctest */,
			);
			name = Products;
			sourceTree = "<group>";
		};
		E4B336D01B09B4D800E2565C /* Map */ = {
			isa = PBXGroup;
			children = (
				E4B336D51B09B4D800E2565C /* AppDelegate.h */,
				E4B336D61B09B4D800E2565C /* AppDelegate.mm */,
				E4B336D81B09B4D800E2565C /* ViewController.h */,
				E4B336D91B09B4D800E2565C /* ViewController.mm */,
				E4B336DB1B09B4D800E2565C /* Main.storyboard */,
				E4B336DE1B09B4D800E2565C /* Images.xcassets */,
				E4B336E01B09B4D800E2565C /* LaunchScreen.xib */,
				E4B336D11B09B4D800E2565C /* Supporting Files */,
			);
			path = Map;
			sourceTree = "<group>";
		};
		E4B336D11B09B4D800E2565C /* Supporting Files */ = {
			isa = PBXGroup;
			children = (
				E4B336D21B09B4D800E2565C /* Info.plist */,
				E4B336D31B09B4D800E2565C /* main.m */,
			);
			name = "Supporting Files";
			sourceTree = "<group>";
		};
		E4B336EA1B09B4D900E2565C /* MapTests */ = {
			isa = PBXGroup;
			children = (
				E4B336ED1B09B4D900E2565C /* MapTests.m */,
				E4B336EB1B09B4D900E2565C /* Supporting Files */,
			);
			path = MapTests;
			sourceTree = "<group>";
		};
		E4B336EB1B09B4D900E2565C /* Supporting Files */ = {
			isa = PBXGroup;
			children = (
				E4B336EC1B09B4D900E2565C /* Info.plist */,
			);
			name = "Supporting Files";
			sourceTree = "<group>";
		};
/* End PBXGroup section */

/* Begin PBXNativeTarget section */
		E4B336CD1B09B4D800E2565C /* Map */ = {
			isa = PBXNativeTarget;
			buildConfigurationList = E4B336F11B09B4D900E2565C /* Build configuration list for PBXNativeTarget "Map" */;
			buildPhases = (
				E4B336CA1B09B4D800E2565C /* Sources */,
				E4B336CB1B09B4D800E2565C /* Frameworks */,
				E4B336CC1B09B4D800E2565C /* Resources */,
			);
			buildRules = (
			);
			dependencies = (
			);
			name = Map;
			productName = Map;
			productReference = E4B336CE1B09B4D800E2565C /* Map.app */;
			productType = "com.apple.product-type.application";
		};
		E4B336E61B09B4D900E2565C /* MapTests */ = {
			isa = PBXNativeTarget;
			buildConfigurationList = E4B336F41B09B4D900E2565C /* Build configuration list for PBXNativeTarget "MapTests" */;
			buildPhases = (
				E4B336E31B09B4D900E2565C /* Sources */,
				E4B336E41B09B4D900E2565C /* Frameworks */,
				E4B336E51B09B4D900E2565C /* Resources */,
			);
			buildRules = (
			);
			dependencies = (
				E4B336E91B09B4D900E2565C /* PBXTargetDependency */,
			);
			name = MapTests;
			productName = MapTests;
			productReference = E4B336E71B09B4D900E2565C /* MapTests.xctest */;
			productType = "com.apple.product-type.bundle.unit-test";
		};
/* End PBXNativeTarget section */

/* Begin PBXProject section */
		E4B336C61B09B4D800E2565C /* Project object */ = {
			isa = PBXProject;
			attributes = {
				LastUpgradeCheck = 0630;
				ORGANIZATIONNAME = yons;
				TargetAttributes = {
					E4B336CD1B09B4D800E2565C = {
						CreatedOnToolsVersion = 6.3;
						DevelopmentTeam = K5M484955T;
					};
					E4B336E61B09B4D900E2565C = {
						CreatedOnToolsVersion = 6.3;
						TestTargetID = E4B336CD1B09B4D800E2565C;
					};
				};
			};
			buildConfigurationList = E4B336C91B09B4D800E2565C /* Build configuration list for PBXProject "Map" */;
			compatibilityVersion = "Xcode 3.2";
			developmentRegion = English;
			hasScannedForEncodings = 0;
			knownRegions = (
				en,
				Base,
			);
			mainGroup = E4B336C51B09B4D800E2565C;
			productRefGroup = E4B336CF1B09B4D800E2565C /* Products */;
			projectDirPath = "";
			projectRoot = "";
			targets = (
				E4B336CD1B09B4D800E2565C /* Map */,
				E4B336E61B09B4D900E2565C /* MapTests */,
			);
		};
/* End PBXProject section */

/* Begin PBXResourcesBuildPhase section */
		E4B336CC1B09B4D800E2565C /* Resources */ = {
			isa = PBXResourcesBuildPhase;
			buildActionMask = 2147483647;
			files = (
				E4B336DD1B09B4D800E2565C /* Main.storyboard in Resources */,
				E4697C101B09CD3700465A90 /* mapapi.bundle in Resources */,
				E4B336E21B09B4D800E2565C /* LaunchScreen.xib in Resources */,
				E4B336DF1B09B4D800E2565C /* Images.xcassets in Resources */,
			);
			runOnlyForDeploymentPostprocessing = 0;
		};
		E4B336E51B09B4D900E2565C /* Resources */ = {
			isa = PBXResourcesBuildPhase;
			buildActionMask = 2147483647;
			files = (
			);
			runOnlyForDeploymentPostprocessing = 0;
		};
/* End PBXResourcesBuildPhase section */

/* Begin PBXSourcesBuildPhase section */
		E4B336CA1B09B4D800E2565C /* Sources */ = {
			isa = PBXSourcesBuildPhase;
			buildActionMask = 2147483647;
			files = (
				E4B336DA1B09B4D800E2565C /* ViewController.mm in Sources */,
				E4B336D71B09B4D800E2565C /* AppDelegate.mm in Sources */,
				E4B336D41B09B4D800E2565C /* main.m in Sources */,
			);
			runOnlyForDeploymentPostprocessing = 0;
		};
		E4B336E31B09B4D900E2565C /* Sources */ = {
			isa = PBXSourcesBuildPhase;
			buildActionMask = 2147483647;
			files = (
				E4B336EE1B09B4D900E2565C /* MapTests.m in Sources */,
			);
			runOnlyForDeploymentPostprocessing = 0;
		};
/* End PBXSourcesBuildPhase section */

/* Begin PBXTargetDependency section */
		E4B336E91B09B4D900E2565C /* PBXTargetDependency */ = {
			isa = PBXTargetDependency;
			target = E4B336CD1B09B4D800E2565C /* Map */;
			targetProxy = E4B336E81B09B4D900E2565C /* PBXContainerItemProxy */;
		};
/* End PBXTargetDependency section */

/* Begin PBXVariantGroup section */
		E4B336DB1B09B4D800E2565C /* Main.storyboard */ = {
			isa = PBXVariantGroup;
			children = (
				E4B336DC1B09B4D800E2565C /* Base */,
			);
			name = Main.storyboard;
			sourceTree = "<group>";
		};
		E4B336E01B09B4D800E2565C /* LaunchScreen.xib */ = {
			isa = PBXVariantGroup;
			children = (
				E4B336E11B09B4D800E2565C /* Base */,
			);
			name = LaunchScreen.xib;
			sourceTree = "<group>";
		};
/* End PBXVariantGroup section */

/* Begin XCBuildConfiguration section */
		E4B336EF1B09B4D900E2565C /* Debug */ = {
			isa = XCBuildConfiguration;
			buildSettings = {
				ALWAYS_SEARCH_USER_PATHS = NO;
				CLANG_CXX_LANGUAGE_STANDARD = "gnu++0x";
				CLANG_CXX_LIBRARY = "libc++";
				CLANG_ENABLE_MODULES = YES;
				CLANG_ENABLE_OBJC_ARC = YES;
				CLANG_WARN_BOOL_CONVERSION = YES;
				CLANG_WARN_CONSTANT_CONVERSION = YES;
				CLANG_WARN_DIRECT_OBJC_ISA_USAGE = YES_ERROR;
				CLANG_WARN_EMPTY_BODY = YES;
				CLANG_WARN_ENUM_CONVERSION = YES;
				CLANG_WARN_INT_CONVERSION = YES;
				CLANG_WARN_OBJC_ROOT_CLASS = YES_ERROR;
				CLANG_WARN_UNREACHABLE_CODE = YES;
				CLANG_WARN__DUPLICATE_METHOD_MATCH = YES;
				"CODE_SIGN_IDENTITY[sdk=iphoneos*]" = "iPhone Developer";
				COPY_PHASE_STRIP = NO;
				DEBUG_INFORMATION_FORMAT = "dwarf-with-dsym";
				ENABLE_STRICT_OBJC_MSGSEND = YES;
				GCC_C_LANGUAGE_STANDARD = gnu99;
				GCC_DYNAMIC_NO_PIC = NO;
				GCC_NO_COMMON_BLOCKS = YES;
				GCC_OPTIMIZATION_LEVEL = 0;
				GCC_PREPROCESSOR_DEFINITIONS = (
					"DEBUG=1",
					"$(inherited)",
				);
				GCC_SYMBOLS_PRIVATE_EXTERN = NO;
				GCC_WARN_64_TO_32_BIT_CONVERSION = YES;
				GCC_WARN_ABOUT_RETURN_TYPE = YES_ERROR;
				GCC_WARN_UNDECLARED_SELECTOR = YES;
				GCC_WARN_UNINITIALIZED_AUTOS = YES_AGGRESSIVE;
				GCC_WARN_UNUSED_FUNCTION = YES;
				GCC_WARN_UNUSED_VARIABLE = YES;
				IPHONEOS_DEPLOYMENT_TARGET = 8.3;
				MTL_ENABLE_DEBUG_INFO = YES;
				ONLY_ACTIVE_ARCH = YES;
				SDKROOT = iphoneos;
			};
			name = Debug;
		};
		E4B336F01B09B4D900E2565C /* Release */ = {
			isa = XCBuildConfiguration;
			buildSettings = {
				ALWAYS_SEARCH_USER_PATHS = NO;
				CLANG_CXX_LANGUAGE_STANDARD = "gnu++0x";
				CLANG_CXX_LIBRARY = "libc++";
				CLANG_ENABLE_MODULES = YES;
				CLANG_ENABLE_OBJC_ARC = YES;
				CLANG_WARN_BOOL_CONVERSION = YES;
				CLANG_WARN_CONSTANT_CONVERSION = YES;
				CLANG_WARN_DIRECT_OBJC_ISA_USAGE = YES_ERROR;
				CLANG_WARN_EMPTY_BODY = YES;
				CLANG_WARN_ENUM_CONVERSION = YES;
				CLANG_WARN_INT_CONVERSION = YES;
				CLANG_WARN_OBJC_ROOT_CLASS = YES_ERROR;
				CLANG_WARN_UNREACHABLE_CODE = YES;
				CLANG_WARN__DUPLICATE_METHOD_MATCH = YES;
				"CODE_SIGN_IDENTITY[sdk=iphoneos*]" = "iPhone Developer";
				COPY_PHASE_STRIP = NO;
				DEBUG_INFORMATION_FORMAT = "dwarf-with-dsym";
				ENABLE_NS_ASSERTIONS = NO;
				ENABLE_STRICT_OBJC_MSGSEND = YES;
				GCC_C_LANGUAGE_STANDARD = gnu99;
				GCC_NO_COMMON_BLOCKS = YES;
				GCC_WARN_64_TO_32_BIT_CONVERSION = YES;
				GCC_WARN_ABOUT_RETURN_TYPE = YES_ERROR;
				GCC_WARN_UNDECLARED_SELECTOR = YES;
				GCC_WARN_UNINITIALIZED_AUTOS = YES_AGGRESSIVE;
				GCC_WARN_UNUSED_FUNCTION = YES;
				GCC_WARN_UNUSED_VARIABLE = YES;
				IPHONEOS_DEPLOYMENT_TARGET = 8.3;
				MTL_ENABLE_DEBUG_INFO = NO;
				SDKROOT = iphoneos;
				VALIDATE_PRODUCT = YES;
			};
			name = Release;
		};
		E4B336F21B09B4D900E2565C /* Debug */ = {
			isa = XCBuildConfiguration;
			buildSettings = {
				ARCHS = "$(ARCHS_STANDARD)";
				ASSETCATALOG_COMPILER_APPICON_NAME = AppIcon;
				CODE_SIGN_IDENTITY = "iPhone Developer";
				ENABLE_BITCODE = NO;
				FRAMEWORK_SEARCH_PATHS = (
					"$(inherited)",
					"$(PROJECT_DIR)/Release-iphoneos",
				);
				GCC_INPUT_FILETYPE = automatic;
				HEADER_SEARCH_PATHS = (
					"$(inherited)",
					/Applications/Xcode.app/Contents/Developer/Toolchains/XcodeDefault.xctoolchain/usr/include,
				);
				INFOPLIST_FILE = Map/Info.plist;
				LD_RUNPATH_SEARCH_PATHS = "$(inherited) @executable_path/Frameworks";
				LIBRARY_SEARCH_PATHS = "$(PROJECT_DIR)/Release-iphoneos";
				ONLY_ACTIVE_ARCH = NO;
				OTHER_LDFLAGS = "-ObjC";
				PRODUCT_NAME = "$(TARGET_NAME)";
				VALID_ARCHS = "armv7 armv7s arm64";
			};
			name = Debug;
		};
		E4B336F31B09B4D900E2565C /* Release */ = {
			isa = XCBuildConfiguration;
			buildSettings = {
				ARCHS = "$(ARCHS_STANDARD)";
				ASSETCATALOG_COMPILER_APPICON_NAME = AppIcon;
				CODE_SIGN_IDENTITY = "iPhone Developer";
				ENABLE_BITCODE = NO;
				FRAMEWORK_SEARCH_PATHS = (
					"$(inherited)",
					"$(PROJECT_DIR)/Release-iphoneos",
				);
				GCC_INPUT_FILETYPE = automatic;
				HEADER_SEARCH_PATHS = (
					"$(inherited)",
					/Applications/Xcode.app/Contents/Developer/Toolchains/XcodeDefault.xctoolchain/usr/include,
				);
				INFOPLIST_FILE = Map/Info.plist;
				LD_RUNPATH_SEARCH_PATHS = "$(inherited) @executable_path/Frameworks";
				LIBRARY_SEARCH_PATHS = "$(PROJECT_DIR)/Release-iphoneos";
				OTHER_LDFLAGS = "-ObjC";
				PRODUCT_NAME = "$(TARGET_NAME)";
				VALID_ARCHS = "armv7 armv7s arm64";
			};
			name = Release;
		};
		E4B336F51B09B4D900E2565C /* Debug */ = {
			isa = XCBuildConfiguration;
			buildSettings = {
				BUNDLE_LOADER = "$(TEST_HOST)";
				FRAMEWORK_SEARCH_PATHS = (
					"$(SDKROOT)/Developer/Library/Frameworks",
					"$(inherited)",
				);
				GCC_PREPROCESSOR_DEFINITIONS = (
					"DEBUG=1",
					"$(inherited)",
				);
				INFOPLIST_FILE = MapTests/Info.plist;
				LD_RUNPATH_SEARCH_PATHS = "$(inherited) @executable_path/Frameworks @loader_path/Frameworks";
				PRODUCT_NAME = "$(TARGET_NAME)";
				TEST_HOST = "$(BUILT_PRODUCTS_DIR)/Map.app/Map";
			};
			name = Debug;
		};
		E4B336F61B09B4D900E2565C /* Release */ = {
			isa = XCBuildConfiguration;
			buildSettings = {
				BUNDLE_LOADER = "$(TEST_HOST)";
				FRAMEWORK_SEARCH_PATHS = (
					"$(SDKROOT)/Developer/Library/Frameworks",
					"$(inherited)",
				);
				INFOPLIST_FILE = MapTests/Info.plist;
				LD_RUNPATH_SEARCH_PATHS = "$(inherited) @executable_path/Frameworks @loader_path/Frameworks";
				PRODUCT_NAME = "$(TARGET_NAME)";
				TEST_HOST = "$(BUILT_PRODUCTS_DIR)/Map.app/Map";
			};
			name = Release;
		};
/* End XCBuildConfiguration section */

/* Begin XCConfigurationList section */
		E4B336C91B09B4D800E2565C /* Build configuration list for PBXProject "Map" */ = {
			isa = XCConfigurationList;
			buildConfigurations = (
				E4B336EF1B09B4D900E2565C /* Debug */,
				E4B336F01B09B4D900E2565C /* Release */,
			);
			defaultConfigurationIsVisible = 0;
			defaultConfigurationName = Release;
		};
		E4B336F11B09B4D900E2565C /* Build configuration list for PBXNativeTarget "Map" */ = {
			isa = XCConfigurationList;
			buildConfigurations = (
				E4B336F21B09B4D900E2565C /* Debug */,
				E4B336F31B09B4D900E2565C /* Release */,
			);
			defaultConfigurationIsVisible = 0;
			defaultConfigurationName = Release;
		};
		E4B336F41B09B4D900E2565C /* Build configuration list for PBXNativeTarget "MapTests" */ = {
			isa = XCConfigurationList;
			buildConfigurations = (
				E4B336F51B09B4D900E2565C /* Debug */,
				E4B336F61B09B4D900E2565C /* Release */,
			);
			defaultConfigurationIsVisible = 0;
			defaultConfigurationName = Release;
		};
/* End XCConfigurationList section */
	};
	rootObject = E4B336C61B09B4D800E2565C /* Project object */;
}
